
Microsoft Visual Studio Solution File, Format Version 12.00
# Visual Studio Version 16
VisualStudioVersion = 16.0.30804.86
MinimumVisualStudioVersion = 10.0.40219.1
Project("{FAE04EC0-301F-11D3-BF4B-00C04F79EFBC}") = "HealthyJuices.Api", "HealthyJuices.Api\HealthyJuices.Api.csproj", "{DC5EC197-F078-44E9-801C-2E72DDE8AC3F}"
EndProject
Global
	GlobalSection(SolutionConfigurationPlatforms) = preSolution
		Debug|Any CPU = Debug|Any CPU
		Release|Any CPU = Release|Any CPU
	EndGlobalSection
	GlobalSection(ProjectConfigurationPlatforms) = postSolution
		{DC5EC197-F078-44E9-801C-2E72DDE8AC3F}.Debug|Any CPU.ActiveCfg = Debug|Any CPU
		{DC5EC197-F078-44E9-801C-2E72DDE8AC3F}.Debug|Any CPU.Build.0 = Debug|Any CPU
		{DC5EC197-F078-44E9-801C-2E72DDE8AC3F}.Release|Any CPU.ActiveCfg = Release|Any CPU
		{DC5EC197-F078-44E9-801C-2E72DDE8AC3F}.Release|Any CPU.Build.0 = Release|Any CPU
	EndGlobalSection
	GlobalSection(SolutionProperties) = preSolution
		HideSolutionNode = FALSE
	EndGlobalSection
	GlobalSection(ExtensibilityGlobals) = postSolution
		SolutionGuid = {4A943487-9743-4E3D-AA7E-C61A00302256}
	EndGlobalSection
EndGlobal
