
Microsoft Visual Studio Solution File, Format Version 12.00
# Visual Studio Version 16
VisualStudioVersion = 16.0.30804.86
MinimumVisualStudioVersion = 10.0.40219.1
Project("{2150E333-8FDC-42A3-9474-1A3956D46DE8}") = "_Common", "_Common", "{D793D345-BD44-42D3-9137-F5B7ECEE33B4}"
EndProject
Project("{2150E333-8FDC-42A3-9474-1A3956D46DE8}") = "1.Presentation", "1.Presentation", "{0EE0D488-D288-451A-9E90-88FB1BA18D0A}"
EndProject
Project("{2150E333-8FDC-42A3-9474-1A3956D46DE8}") = "2.Application", "2.Application", "{D11B7E59-6C51-4DC1-B5E9-B8EFC63867C5}"
EndProject
Project("{2150E333-8FDC-42A3-9474-1A3956D46DE8}") = "3.Domain", "3.Domain", "{2F6F975B-4FF1-4DC4-93BF-8306A11D896D}"
EndProject
Project("{2150E333-8FDC-42A3-9474-1A3956D46DE8}") = "4.Infrastructure", "4.Infrastructure", "{3D937A68-36BD-4820-9F6C-6EF10CA34972}"
EndProject
Project("{9A19103F-16F7-4668-BE54-9A1E7A4F7556}") = "HealthyJuices.Shared", "Common\HealthyJuices.Common.DataTransfer\HealthyJuices.Shared.csproj", "{5CDD45D9-2733-49B7-9E35-BCD8D3FF4594}"
EndProject
Project("{9A19103F-16F7-4668-BE54-9A1E7A4F7556}") = "HealthyJuices.Common", "Common\HealthyJuices.Common\HealthyJuices.Common.csproj", "{6ADBF2A3-8088-4DD4-BD36-80DCC39A1EB4}"
EndProject
Project("{9A19103F-16F7-4668-BE54-9A1E7A4F7556}") = "HealthyJuices.Api", "1Presentation\HealthyJuices.Api\HealthyJuices.Api.csproj", "{BE0D8922-EDB0-467C-A6A1-D57D8F1F5A81}"
EndProject
Project("{9A19103F-16F7-4668-BE54-9A1E7A4F7556}") = "HealthyJuices.Application", "2Application\HealthyJuices.Application\HealthyJuices.Application.csproj", "{B7609781-FE97-45B2-B084-CB6FE81B0C38}"
EndProject
Project("{9A19103F-16F7-4668-BE54-9A1E7A4F7556}") = "HealthyJuices.Domain", "3Domain\HealthyJuices.Domain\HealthyJuices.Domain.csproj", "{3565AB39-0CA2-4718-95DB-3E06EA7D258E}"
EndProject
Project("{9A19103F-16F7-4668-BE54-9A1E7A4F7556}") = "HealthyJuices.Persistence.Ef", "4Infrastructure\HealthyJuices.Persistence.Ef\HealthyJuices.Persistence.Ef.csproj", "{B247315E-1DEE-4FB4-BDAC-0145C0A1F8B5}"
EndProject
Project("{FAE04EC0-301F-11D3-BF4B-00C04F79EFBC}") = "HealthyJuices.Mailing", "4Infrastructure\HealthyJuices.Mailing\HealthyJuices.Mailing.csproj", "{9F4DDD9B-D89E-4AFF-BE33-E44428122FBD}"
EndProject
Global
	GlobalSection(SolutionConfigurationPlatforms) = preSolution
		Debug|Any CPU = Debug|Any CPU
		Release|Any CPU = Release|Any CPU
	EndGlobalSection
	GlobalSection(ProjectConfigurationPlatforms) = postSolution
		{5CDD45D9-2733-49B7-9E35-BCD8D3FF4594}.Debug|Any CPU.ActiveCfg = Debug|Any CPU
		{5CDD45D9-2733-49B7-9E35-BCD8D3FF4594}.Debug|Any CPU.Build.0 = Debug|Any CPU
		{5CDD45D9-2733-49B7-9E35-BCD8D3FF4594}.Release|Any CPU.ActiveCfg = Release|Any CPU
		{5CDD45D9-2733-49B7-9E35-BCD8D3FF4594}.Release|Any CPU.Build.0 = Release|Any CPU
		{6ADBF2A3-8088-4DD4-BD36-80DCC39A1EB4}.Debug|Any CPU.ActiveCfg = Debug|Any CPU
		{6ADBF2A3-8088-4DD4-BD36-80DCC39A1EB4}.Debug|Any CPU.Build.0 = Debug|Any CPU
		{6ADBF2A3-8088-4DD4-BD36-80DCC39A1EB4}.Release|Any CPU.ActiveCfg = Release|Any CPU
		{6ADBF2A3-8088-4DD4-BD36-80DCC39A1EB4}.Release|Any CPU.Build.0 = Release|Any CPU
		{BE0D8922-EDB0-467C-A6A1-D57D8F1F5A81}.Debug|Any CPU.ActiveCfg = Debug|Any CPU
		{BE0D8922-EDB0-467C-A6A1-D57D8F1F5A81}.Debug|Any CPU.Build.0 = Debug|Any CPU
		{BE0D8922-EDB0-467C-A6A1-D57D8F1F5A81}.Release|Any CPU.ActiveCfg = Release|Any CPU
		{BE0D8922-EDB0-467C-A6A1-D57D8F1F5A81}.Release|Any CPU.Build.0 = Release|Any CPU
		{B7609781-FE97-45B2-B084-CB6FE81B0C38}.Debug|Any CPU.ActiveCfg = Debug|Any CPU
		{B7609781-FE97-45B2-B084-CB6FE81B0C38}.Debug|Any CPU.Build.0 = Debug|Any CPU
		{B7609781-FE97-45B2-B084-CB6FE81B0C38}.Release|Any CPU.ActiveCfg = Release|Any CPU
		{B7609781-FE97-45B2-B084-CB6FE81B0C38}.Release|Any CPU.Build.0 = Release|Any CPU
		{3565AB39-0CA2-4718-95DB-3E06EA7D258E}.Debug|Any CPU.ActiveCfg = Debug|Any CPU
		{3565AB39-0CA2-4718-95DB-3E06EA7D258E}.Debug|Any CPU.Build.0 = Debug|Any CPU
		{3565AB39-0CA2-4718-95DB-3E06EA7D258E}.Release|Any CPU.ActiveCfg = Release|Any CPU
		{3565AB39-0CA2-4718-95DB-3E06EA7D258E}.Release|Any CPU.Build.0 = Release|Any CPU
		{B247315E-1DEE-4FB4-BDAC-0145C0A1F8B5}.Debug|Any CPU.ActiveCfg = Debug|Any CPU
		{B247315E-1DEE-4FB4-BDAC-0145C0A1F8B5}.Debug|Any CPU.Build.0 = Debug|Any CPU
		{B247315E-1DEE-4FB4-BDAC-0145C0A1F8B5}.Release|Any CPU.ActiveCfg = Release|Any CPU
		{B247315E-1DEE-4FB4-BDAC-0145C0A1F8B5}.Release|Any CPU.Build.0 = Release|Any CPU
		{9F4DDD9B-D89E-4AFF-BE33-E44428122FBD}.Debug|Any CPU.ActiveCfg = Debug|Any CPU
		{9F4DDD9B-D89E-4AFF-BE33-E44428122FBD}.Debug|Any CPU.Build.0 = Debug|Any CPU
		{9F4DDD9B-D89E-4AFF-BE33-E44428122FBD}.Release|Any CPU.ActiveCfg = Release|Any CPU
		{9F4DDD9B-D89E-4AFF-BE33-E44428122FBD}.Release|Any CPU.Build.0 = Release|Any CPU
	EndGlobalSection
	GlobalSection(SolutionProperties) = preSolution
		HideSolutionNode = FALSE
	EndGlobalSection
	GlobalSection(NestedProjects) = preSolution
		{5CDD45D9-2733-49B7-9E35-BCD8D3FF4594} = {D793D345-BD44-42D3-9137-F5B7ECEE33B4}
		{6ADBF2A3-8088-4DD4-BD36-80DCC39A1EB4} = {D793D345-BD44-42D3-9137-F5B7ECEE33B4}
		{BE0D8922-EDB0-467C-A6A1-D57D8F1F5A81} = {0EE0D488-D288-451A-9E90-88FB1BA18D0A}
		{B7609781-FE97-45B2-B084-CB6FE81B0C38} = {D11B7E59-6C51-4DC1-B5E9-B8EFC63867C5}
		{3565AB39-0CA2-4718-95DB-3E06EA7D258E} = {2F6F975B-4FF1-4DC4-93BF-8306A11D896D}
		{B247315E-1DEE-4FB4-BDAC-0145C0A1F8B5} = {3D937A68-36BD-4820-9F6C-6EF10CA34972}
		{9F4DDD9B-D89E-4AFF-BE33-E44428122FBD} = {3D937A68-36BD-4820-9F6C-6EF10CA34972}
	EndGlobalSection
	GlobalSection(ExtensibilityGlobals) = postSolution
		SolutionGuid = {4A943487-9743-4E3D-AA7E-C61A00302256}
	EndGlobalSection
EndGlobal
